id: latrine_has_lock
maturity: draft
label:
  en: "Latrine or toilet has a lockable door"
  fr: "Latrine ou toilette avec porte verrouillable"
  es: "Letrina o baño con puerta con cerrojo"

definition:
  en: "Whether the latrines or toilets used by the household have a door that can be locked from the inside. Distinguishes between communal and private facilities, and between private facilities with and without a lockable door. Sphere 2018 WASH Standard 3.1 guidance specifies that simple measures such as locks on toilet doors reduce the risk of abuse. Private latrines without locks remain a risk and are captured separately from private latrines with locks."
  fr: "Si les latrines ou toilettes utilisées par le ménage disposent d'une porte pouvant être verrouillée de l'intérieur. Distingue entre les installations communales et privées, et entre les installations privées avec et sans porte verrouillable. Les orientations de la Norme WASH Sphère 2018 3.1 précisent que des mesures simples comme des verrous sur les portes des toilettes réduisent le risque d'abus. Les latrines privées sans verrou demeurent un risque et sont capturées séparément des latrines privées avec verrou."
  es: "Si las letrinas o baños utilizados por el hogar tienen una puerta que puede cerrarse con llave desde adentro. Distingue entre instalaciones comunales y privadas, y entre instalaciones privadas con y sin puerta con cerrojo. La orientación de la Norma WASH Esfera 2018 3.1 especifica que medidas simples como cerrojos en puertas de baños reducen el riesgo de abuso. Las letrinas privadas sin cerrojo siguen siendo un riesgo y se capturan por separado de las letrinas privadas con cerrojo."

type: string
cardinality: single
vocabulary: latrine-lock-status
references: null
category: gbv_risk
core: false
sensitivity: sensitive
